
Microsoft Visual Studio Solution File, Format Version 12.00
# Visual Studio 2013
VisualStudioVersion = 12.0.21005.1
MinimumVisualStudioVersion = 10.0.40219.1
Project("{E24C65DC-7377-472B-9ABA-BC803B73C61A}") = "MainRepo", "http://localhost:49520", "{349D629B-8716-4A65-A5B2-8EDE72A34727}"
	ProjectSection(WebsiteProperties) = preProject
		UseIISExpress = "true"
		TargetFrameworkMoniker = ".NETFramework,Version%3Dv4.5"
		Debug.AspNetCompiler.VirtualPath = "/localhost_49520"
		Debug.AspNetCompiler.PhysicalPath = "D:\Gitrepositories\RepoTests\MainRepoTest\MainRepo\"
		Debug.AspNetCompiler.TargetPath = "PrecompiledWeb\localhost_49520\"
		Debug.AspNetCompiler.Updateable = "true"
		Debug.AspNetCompiler.ForceOverwrite = "true"
		Debug.AspNetCompiler.FixedNames = "false"
		Debug.AspNetCompiler.Debug = "True"
		Release.AspNetCompiler.VirtualPath = "/localhost_49520"
		Release.AspNetCompiler.PhysicalPath = "D:\Gitrepositories\RepoTests\MainRepoTest\MainRepo\"
		Release.AspNetCompiler.TargetPath = "PrecompiledWeb\localhost_49520\"
		Release.AspNetCompiler.Updateable = "true"
		Release.AspNetCompiler.ForceOverwrite = "true"
		Release.AspNetCompiler.FixedNames = "false"
		Release.AspNetCompiler.Debug = "False"
		SlnRelativePath = "D:\Gitrepositories\RepoTests\MainRepoTest\MainRepo\"
	EndProjectSection
EndProject
Global
	GlobalSection(SolutionConfigurationPlatforms) = preSolution
		Debug|Any CPU = Debug|Any CPU
	EndGlobalSection
	GlobalSection(ProjectConfigurationPlatforms) = postSolution
		{349D629B-8716-4A65-A5B2-8EDE72A34727}.Debug|Any CPU.ActiveCfg = Debug|Any CPU
		{349D629B-8716-4A65-A5B2-8EDE72A34727}.Debug|Any CPU.Build.0 = Debug|Any CPU
	EndGlobalSection
	GlobalSection(SolutionProperties) = preSolution
		HideSolutionNode = FALSE
	EndGlobalSection
EndGlobal
