
Microsoft Visual Studio Solution File, Format Version 12.00
# Visual Studio 2013
VisualStudioVersion = 12.0.21005.1
MinimumVisualStudioVersion = 10.0.40219.1
Project("{E24C65DC-7377-472B-9ABA-BC803B73C61A}") = "MainRepo", "http://localhost:49520", "{349D629B-8716-4A65-A5B2-8EDE72A34727}"
	ProjectSection(WebsiteProperties) = preProject
		UseIISExpress = "true"
		TargetFrameworkMoniker = ".NETFramework,Version%3Dv4.5"
		ProjectReferences = "{28008b14-b3c6-4c47-a463-bf97322fc52c}|SharedRepo.dll;"
		Debug.AspNetCompiler.VirtualPath = "/localhost_49520"
		Debug.AspNetCompiler.PhysicalPath = "..\MainRepo\"
		Debug.AspNetCompiler.TargetPath = "PrecompiledWeb\localhost_49520\"
		Debug.AspNetCompiler.Updateable = "true"
		Debug.AspNetCompiler.ForceOverwrite = "true"
		Debug.AspNetCompiler.FixedNames = "false"
		Debug.AspNetCompiler.Debug = "True"
		Release.AspNetCompiler.VirtualPath = "/localhost_49520"
		Release.AspNetCompiler.PhysicalPath = "..\MainRepo\"
		Release.AspNetCompiler.TargetPath = "PrecompiledWeb\localhost_49520\"
		Release.AspNetCompiler.Updateable = "true"
		Release.AspNetCompiler.ForceOverwrite = "true"
		Release.AspNetCompiler.FixedNames = "false"
		Release.AspNetCompiler.Debug = "False"
		SlnRelativePath = "..\MainRepo\"
	EndProjectSection
EndProject
Project("{FAE04EC0-301F-11D3-BF4B-00C04F79EFBC}") = "SharedRepo", "..\SharedRepoTest\SharedRepo\SharedRepo\SharedRepo.csproj", "{28008B14-B3C6-4C47-A463-BF97322FC52C}"
EndProject
Global
	GlobalSection(SolutionConfigurationPlatforms) = preSolution
		Debug|Any CPU = Debug|Any CPU
		Release|Any CPU = Release|Any CPU
	EndGlobalSection
	GlobalSection(ProjectConfigurationPlatforms) = postSolution
		{349D629B-8716-4A65-A5B2-8EDE72A34727}.Debug|Any CPU.ActiveCfg = Debug|Any CPU
		{349D629B-8716-4A65-A5B2-8EDE72A34727}.Debug|Any CPU.Build.0 = Debug|Any CPU
		{349D629B-8716-4A65-A5B2-8EDE72A34727}.Release|Any CPU.ActiveCfg = Debug|Any CPU
		{349D629B-8716-4A65-A5B2-8EDE72A34727}.Release|Any CPU.Build.0 = Debug|Any CPU
		{28008B14-B3C6-4C47-A463-BF97322FC52C}.Debug|Any CPU.ActiveCfg = Debug|Any CPU
		{28008B14-B3C6-4C47-A463-BF97322FC52C}.Debug|Any CPU.Build.0 = Debug|Any CPU
		{28008B14-B3C6-4C47-A463-BF97322FC52C}.Release|Any CPU.ActiveCfg = Release|Any CPU
		{28008B14-B3C6-4C47-A463-BF97322FC52C}.Release|Any CPU.Build.0 = Release|Any CPU
	EndGlobalSection
	GlobalSection(SolutionProperties) = preSolution
		HideSolutionNode = FALSE
	EndGlobalSection
EndGlobal
